<?xml version="1.0" encoding="utf-8"?>
<Project ToolsVersion="4.0" xmlns="http://schemas.microsoft.com/developer/msbuild/2003">
  <ItemGroup>
    <Filter Include="Source Files">
      <UniqueIdentifier>{4FC737F1-C7A5-4376-A066-2A32D752A2FF}</UniqueIdentifier>
      <Extensions>cpp;c;cc;cxx;c++;cppm;ixx;def;odl;idl;hpj;bat;asm;asmx</Extensions>
    </Filter>
    <Filter Include="Header Files">
      <UniqueIdentifier>{93995380-89BD-4b04-88EB-625FBE52EBFB}</UniqueIdentifier>
      <Extensions>h;hh;hpp;hxx;h++;hm;inl;inc;ipp;xsd</Extensions>
    </Filter>
    <Filter Include="Resource Files">
      <UniqueIdentifier>{67DA6AB6-F800-4c08-8B7A-83BB121AAD01}</UniqueIdentifier>
      <Extensions>rc;ico;cur;bmp;dlg;rc2;rct;bin;rgs;gif;jpg;jpeg;jpe;resx;tiff;tif;png;wav;mfcribbon-ms</Extensions>
    </Filter>
    <Filter Include="Source Files\vendor">
      <UniqueIdentifier>{aa7c298f-9826-4a1e-82c8-0afd1f252277}</UniqueIdentifier>
    </Filter>
    <Filter Include="Source Files\vendor\common">
      <UniqueIdentifier>{1c2dbcbd-86c4-4ac2-a1c4-d75f0a9d9d3b}</UniqueIdentifier>
    </Filter>
    <Filter Include="Source Files\vendor\common\ImGui">
      <UniqueIdentifier>{8023bc0d-a7be-48b3-b888-3adaa1908e67}</UniqueIdentifier>
    </Filter>
    <Filter Include="Source Files\Game">
      <UniqueIdentifier>{101ab328-e79c-40fd-b326-563660ef13cd}</UniqueIdentifier>
    </Filter>
    <Filter Include="Source Files\Game\GameState">
      <UniqueIdentifier>{56b49f94-bcf6-4bf7-acdb-71b67f4300bf}</UniqueIdentifier>
    </Filter>
    <Filter Include="Source Files\Game\GameState\states">
      <UniqueIdentifier>{c09f9cc7-2d82-4ceb-b353-a12d7387fc7c}</UniqueIdentifier>
    </Filter>
    <Filter Include="Source Files\Game\core">
      <UniqueIdentifier>{b199fefd-f05a-4cce-882d-8670d2d77dda}</UniqueIdentifier>
    </Filter>
    <Filter Include="Source Files\Game\Ecs">
      <UniqueIdentifier>{8d04be56-fa5e-4a3d-99dd-58312f305549}</UniqueIdentifier>
    </Filter>
    <Filter Include="Source Files\Game\Ecs\systems">
      <UniqueIdentifier>{c32fd53c-ed03-4dce-9236-55d837ed6611}</UniqueIdentifier>
    </Filter>
    <Filter Include="Source Files\Engine">
      <UniqueIdentifier>{53c0f137-5d8e-4dae-8831-c7f00307bf1e}</UniqueIdentifier>
    </Filter>
    <Filter Include="Source Files\Engine\Sprite">
      <UniqueIdentifier>{74d8793e-6924-4183-b3b5-30cbc416c797}</UniqueIdentifier>
    </Filter>
    <Filter Include="Source Files\Engine\UI">
      <UniqueIdentifier>{3fbab1eb-45ab-48cd-8b29-17acc7b7630c}</UniqueIdentifier>
    </Filter>
  </ItemGroup>
  <ItemGroup>
    <ClCompile Include="..\..\src\engine\Engine.cpp">
      <Filter>Source Files\Engine</Filter>
    </ClCompile>
    <ClCompile Include="..\..\src\engine\Sprite\Sprite.cpp">
      <Filter>Source Files\Engine\Sprite</Filter>
    </ClCompile>
    <ClCompile Include="..\..\src\game\Entry.cpp">
      <Filter>Source Files\Game</Filter>
    </ClCompile>
    <ClCompile Include="..\..\src\game\Game.cpp">
      <Filter>Source Files\Game</Filter>
    </ClCompile>
    <ClCompile Include="..\..\src\engine\UI\UI.cpp">
      <Filter>Source Files\Engine\UI</Filter>
    </ClCompile>
    <ClCompile Include="..\..\src\vendor\common\ImGui\imgui.cpp">
      <Filter>Source Files\vendor\common\ImGui</Filter>
    </ClCompile>
    <ClCompile Include="..\..\src\vendor\common\ImGui\imgui_demo.cpp">
      <Filter>Source Files\vendor\common\ImGui</Filter>
    </ClCompile>
    <ClCompile Include="..\..\src\vendor\common\ImGui\imgui_draw.cpp">
      <Filter>Source Files\vendor\common\ImGui</Filter>
    </ClCompile>
    <ClCompile Include="..\..\src\vendor\common\ImGui\imgui_impl_sdl3.cpp">
      <Filter>Source Files\vendor\common\ImGui</Filter>
    </ClCompile>
    <ClCompile Include="..\..\src\vendor\common\ImGui\imgui_impl_sdlgpu3.cpp">
      <Filter>Source Files\vendor\common\ImGui</Filter>
    </ClCompile>
    <ClCompile Include="..\..\src\vendor\common\ImGui\imgui_impl_sdlrenderer3.cpp">
      <Filter>Source Files\vendor\common\ImGui</Filter>
    </ClCompile>
    <ClCompile Include="..\..\src\vendor\common\ImGui\imgui_tables.cpp">
      <Filter>Source Files\vendor\common\ImGui</Filter>
    </ClCompile>
    <ClCompile Include="..\..\src\vendor\common\ImGui\imgui_widgets.cpp">
      <Filter>Source Files\vendor\common\ImGui</Filter>
    </ClCompile>
    <ClCompile Include="..\..\src\game\Ecs\Ecs.cpp">
      <Filter>Source Files\Game\Ecs</Filter>
    </ClCompile>
    <ClCompile Include="..\..\src\game\Ecs\systems\SpriteSystem.cpp">
      <Filter>Source Files\Game\Ecs\systems</Filter>
    </ClCompile>
    <ClCompile Include="..\..\src\game\core\UserInput.cpp">
      <Filter>Source Files\Game\core</Filter>
    </ClCompile>
    <ClCompile Include="..\..\src\game\GameState\GameState.cpp">
      <Filter>Source Files\Game\GameState</Filter>
    </ClCompile>
    <ClCompile Include="..\..\src\game\GameState\states\Settings.cpp">
      <Filter>Source Files\Game\GameState\states</Filter>
    </ClCompile>
    <ClCompile Include="..\..\src\game\GameState\states\Title.cpp">
      <Filter>Source Files\Game\GameState\states</Filter>
    </ClCompile>
    <ClCompile Include="..\..\src\game\GameState\states\Setup.cpp">
      <Filter>Source Files\Game\GameState\states</Filter>
    </ClCompile>
    <ClCompile Include="..\..\src\game\core\GUI.cpp">
      <Filter>Source Files\Game\core</Filter>
    </ClCompile>
    <ClCompile Include="..\..\src\Game\core\Band.cpp">
      <Filter>Source Files\Game\core</Filter>
    </ClCompile>
  </ItemGroup>
  <ItemGroup>
    <ClInclude Include="..\..\src\engine\Engine.h">
      <Filter>Source Files\Engine</Filter>
    </ClInclude>
    <ClInclude Include="..\..\src\engine\Sprite\Sprite.h">
      <Filter>Source Files\Engine\Sprite</Filter>
    </ClInclude>
    <ClInclude Include="..\..\src\game\Game.h">
      <Filter>Source Files\Game</Filter>
    </ClInclude>
    <ClInclude Include="..\..\src\engine\UI\UI.h">
      <Filter>Source Files\Engine\UI</Filter>
    </ClInclude>
    <ClInclude Include="..\..\src\vendor\common\ImGui\imconfig.h">
      <Filter>Source Files\vendor\common\ImGui</Filter>
    </ClInclude>
    <ClInclude Include="..\..\src\vendor\common\ImGui\imgui.h">
      <Filter>Source Files\vendor\common\ImGui</Filter>
    </ClInclude>
    <ClInclude Include="..\..\src\vendor\common\ImGui\imgui_impl_sdl3.h">
      <Filter>Source Files\vendor\common\ImGui</Filter>
    </ClInclude>
    <ClInclude Include="..\..\src\vendor\common\ImGui\imgui_impl_sdlgpu3.h">
      <Filter>Source Files\vendor\common\ImGui</Filter>
    </ClInclude>
    <ClInclude Include="..\..\src\vendor\common\ImGui\imgui_impl_sdlrenderer3.h">
      <Filter>Source Files\vendor\common\ImGui</Filter>
    </ClInclude>
    <ClInclude Include="..\..\src\vendor\common\ImGui\imgui_internal.h">
      <Filter>Source Files\vendor\common\ImGui</Filter>
    </ClInclude>
    <ClInclude Include="..\..\src\vendor\common\ImGui\imstb_rectpack.h">
      <Filter>Source Files\vendor\common\ImGui</Filter>
    </ClInclude>
    <ClInclude Include="..\..\src\vendor\common\ImGui\imstb_textedit.h">
      <Filter>Source Files\vendor\common\ImGui</Filter>
    </ClInclude>
    <ClInclude Include="..\..\src\vendor\common\ImGui\imstb_truetype.h">
      <Filter>Source Files\vendor\common\ImGui</Filter>
    </ClInclude>
    <ClInclude Include="..\..\src\game\ecs\components.h">
      <Filter>Source Files\Game\Ecs</Filter>
    </ClInclude>
    <ClInclude Include="..\..\src\game\Ecs\Ecs.h">
      <Filter>Source Files\Game\Ecs</Filter>
    </ClInclude>
    <ClInclude Include="..\..\src\game\Ecs\systems\SpriteSystem.h">
      <Filter>Source Files\Game\Ecs\systems</Filter>
    </ClInclude>
    <ClInclude Include="..\..\src\game\core\UserInput.h">
      <Filter>Source Files\Game\core</Filter>
    </ClInclude>
    <ClInclude Include="..\..\src\game\GameState\GameState.h">
      <Filter>Source Files\Game\GameState</Filter>
    </ClInclude>
    <ClInclude Include="..\..\src\game\GameState\IState.h">
      <Filter>Source Files\Game\GameState</Filter>
    </ClInclude>
    <ClInclude Include="..\..\src\game\GameState\states\Settings.h">
      <Filter>Source Files\Game\GameState\states</Filter>
    </ClInclude>
    <ClInclude Include="..\..\src\game\GameState\states\Title.h">
      <Filter>Source Files\Game\GameState\states</Filter>
    </ClInclude>
    <ClInclude Include="..\..\src\game\GameState\states\Setup.h">
      <Filter>Source Files\Game\GameState\states</Filter>
    </ClInclude>
    <ClInclude Include="..\..\src\game\core\GUI.h">
      <Filter>Source Files\Game\core</Filter>
    </ClInclude>
    <ClInclude Include="..\..\src\Game\core\Band.h">
      <Filter>Source Files\Game\core</Filter>
    </ClInclude>
  </ItemGroup>
</Project>